
Microsoft Visual Studio Solution File, Format Version 12.00
# Visual Studio Version 17
VisualStudioVersion = 17.5.33530.505
MinimumVisualStudioVersion = 10.0.40219.1
Project("{FAE04EC0-301F-11D3-BF4B-00C04F79EFBC}") = "IExplorerEnabler", "IExplorerEnabler.csproj", "{8F7A2E52-74A3-4C33-89A5-B54D1C9BF6DA}"
EndProject
Global
	GlobalSection(SolutionConfigurationPlatforms) = preSolution
		Debug|Any CPU = Debug|Any CPU
		Release|Any CPU = Release|Any CPU
	EndGlobalSection
	GlobalSection(ProjectConfigurationPlatforms) = postSolution
		{8F7A2E52-74A3-4C33-89A5-B54D1C9BF6DA}.Debug|Any CPU.ActiveCfg = Debug|Any CPU
		{8F7A2E52-74A3-4C33-89A5-B54D1C9BF6DA}.Debug|Any CPU.Build.0 = Debug|Any CPU
		{8F7A2E52-74A3-4C33-89A5-B54D1C9BF6DA}.Release|Any CPU.ActiveCfg = Release|Any CPU
		{8F7A2E52-74A3-4C33-89A5-B54D1C9BF6DA}.Release|Any CPU.Build.0 = Release|Any CPU
	EndGlobalSection
	GlobalSection(SolutionProperties) = preSolution
		HideSolutionNode = FALSE
	EndGlobalSection
	GlobalSection(ExtensibilityGlobals) = postSolution
		SolutionGuid = {B1BADB81-9180-492F-AE90-B4CF4EA15AAF}
	EndGlobalSection
EndGlobal
